
Microsoft Visual Studio Solution File, Format Version 12.00
# Visual Studio 15
VisualStudioVersion = 15.0.26730.12
MinimumVisualStudioVersion = 10.0.40219.1
Project("{FAE04EC0-301F-11D3-BF4B-00C04F79EFBC}") = "DiscordMusicBot", "DiscordMusicBot\DiscordMusicBot.csproj", "{0A772808-F8CF-456A-B96B-521AAE7ABDD5}"
EndProject
Global
	GlobalSection(SolutionConfigurationPlatforms) = preSolution
		Debug|Any CPU = Debug|Any CPU
		Release|Any CPU = Release|Any CPU
	EndGlobalSection
	GlobalSection(ProjectConfigurationPlatforms) = postSolution
		{0A772808-F8CF-456A-B96B-521AAE7ABDD5}.Debug|Any CPU.ActiveCfg = Debug|Any CPU
		{0A772808-F8CF-456A-B96B-521AAE7ABDD5}.Debug|Any CPU.Build.0 = Debug|Any CPU
		{0A772808-F8CF-456A-B96B-521AAE7ABDD5}.Release|Any CPU.ActiveCfg = Release|Any CPU
		{0A772808-F8CF-456A-B96B-521AAE7ABDD5}.Release|Any CPU.Build.0 = Release|Any CPU
	EndGlobalSection
	GlobalSection(SolutionProperties) = preSolution
		HideSolutionNode = FALSE
	EndGlobalSection
	GlobalSection(ExtensibilityGlobals) = postSolution
		SolutionGuid = {47F0B753-8EF5-44F7-92BB-FE8BCDE858F7}
	EndGlobalSection
EndGlobal
